PODS:
  - Alamofire (5.5.0)
  - SwiftMessages (9.0.6):
    - SwiftMessages/App (= 9.0.6)
  - SwiftMessages/App (9.0.6)

DEPENDENCIES:
  - Alamofire
  - SwiftMessages

SPEC REPOS:
  trunk:
    - Alamofire
    - SwiftMessages

SPEC CHECKSUMS:
  Alamofire: 1c4fb5369c3fe93d2857c780d8bbe09f06f97e7c
  SwiftMessages: f0c7ef4705a570ad6c5e208b611f4333e660ed92

PODFILE CHECKSUM: e1c0354b6b3c3e96e017515455aa705f3a08dc3c

COCOAPODS: 1.11.2
