// !$*UTF8*$!
{
	archiveVersion = 1;
	classes = {
	};
	objectVersion = 52;
	objects = {

/* Begin PBXBuildFile section */
		466CCE8007D456051ED21BDC /* Pods_MoviesUITests.framework in Frameworks */ = {isa = PBXBuildFile; fileRef = B104F39A8D923E74FC5DDD56 /* Pods_MoviesUITests.framework */; };
		6DDF733BA1F442D33AC92A73 /* Pods_MoviesUI.framework in Frameworks */ = {isa = PBXBuildFile; fileRef = 0D8A621DD76D0ABD18CC9F75 /* Pods_MoviesUI.framework */; };
		AF54F188256464E100BB9C42 /* Injector.swift in Sources */ = {isa = PBXBuildFile; fileRef = AF54F187256464E100BB9C42 /* Injector.swift */; };
		AF54F19C2564CAAD00BB9C42 /* DependencyResolver.swift in Sources */ = {isa = PBXBuildFile; fileRef = AF54F19B2564CAAD00BB9C42 /* DependencyResolver.swift */; };
		AF54F1A32564CB4E00BB9C42 /* ServiceRepo.swift in Sources */ = {isa = PBXBuildFile; fileRef = AF54F1A22564CB4E00BB9C42 /* ServiceRepo.swift */; };
		AF54F1AB2564CB9D00BB9C42 /* MainServicesRemoteDS.swift in Sources */ = {isa = PBXBuildFile; fileRef = AF54F1AA2564CB9D00BB9C42 /* MainServicesRemoteDS.swift */; };
		AF54F1B02564CBE100BB9C42 /* MainServiceLocalDS.swift in Sources */ = {isa = PBXBuildFile; fileRef = AF54F1AF2564CBE100BB9C42 /* MainServiceLocalDS.swift */; };
		AF54F1B82564CC8800BB9C42 /* LocalContext.swift in Sources */ = {isa = PBXBuildFile; fileRef = AF54F1B72564CC8800BB9C42 /* LocalContext.swift */; };
		AF54F1C02564CCAB00BB9C42 /* Router.swift in Sources */ = {isa = PBXBuildFile; fileRef = AF54F1BF2564CCAB00BB9C42 /* Router.swift */; };
		AF54F1C52564CD0600BB9C42 /* RoutersProtocol.swift in Sources */ = {isa = PBXBuildFile; fileRef = AF54F1C42564CD0600BB9C42 /* RoutersProtocol.swift */; };
		AF54F1CA2564CDBF00BB9C42 /* AccessTokenAdapter.swift in Sources */ = {isa = PBXBuildFile; fileRef = AF54F1C92564CDBF00BB9C42 /* AccessTokenAdapter.swift */; };
		AF54F1CF2564CDDD00BB9C42 /* Headers.swift in Sources */ = {isa = PBXBuildFile; fileRef = AF54F1CE2564CDDD00BB9C42 /* Headers.swift */; };
		AF54F1D42564CDF800BB9C42 /* RemoteContext.swift in Sources */ = {isa = PBXBuildFile; fileRef = AF54F1D32564CDF800BB9C42 /* RemoteContext.swift */; };
		AF54F1D92564CE1700BB9C42 /* RemoteErrorHandler.swift in Sources */ = {isa = PBXBuildFile; fileRef = AF54F1D82564CE1700BB9C42 /* RemoteErrorHandler.swift */; };
		AF54F1DE2564CE3300BB9C42 /* SessionManager.swift in Sources */ = {isa = PBXBuildFile; fileRef = AF54F1DD2564CE3300BB9C42 /* SessionManager.swift */; };
		AF54F1E52564CEAB00BB9C42 /* ErrorModel.swift in Sources */ = {isa = PBXBuildFile; fileRef = AF54F1E42564CEAB00BB9C42 /* ErrorModel.swift */; };
		AF54F1EE2564CF3700BB9C42 /* UserDefaultsExtension.swift in Sources */ = {isa = PBXBuildFile; fileRef = AF54F1EC2564CF3700BB9C42 /* UserDefaultsExtension.swift */; };
		AF54F1EF2564CF3700BB9C42 /* AuthorizationDataManager.swift in Sources */ = {isa = PBXBuildFile; fileRef = AF54F1ED2564CF3700BB9C42 /* AuthorizationDataManager.swift */; };
		AF54F2222565C14F00BB9C42 /* MovieListVM.swift in Sources */ = {isa = PBXBuildFile; fileRef = AF54F2212565C14F00BB9C42 /* MovieListVM.swift */; };
		AF736038256BF00000E38E27 /* MainView.swift in Sources */ = {isa = PBXBuildFile; fileRef = AF736037256BF00000E38E27 /* MainView.swift */; };
		AF736040256BF03E00E38E27 /* CustomBottonTabBar.swift in Sources */ = {isa = PBXBuildFile; fileRef = AF73603F256BF03E00E38E27 /* CustomBottonTabBar.swift */; };
		AF73604A256C04F200E38E27 /* CustomBottonTabBarTabs.swift in Sources */ = {isa = PBXBuildFile; fileRef = AF736049256C04F200E38E27 /* CustomBottonTabBarTabs.swift */; };
		AF736058256C05A700E38E27 /* ProfileView.swift in Sources */ = {isa = PBXBuildFile; fileRef = AF736057256C05A700E38E27 /* ProfileView.swift */; };
		AF73605D256C05B600E38E27 /* WishListView.swift in Sources */ = {isa = PBXBuildFile; fileRef = AF73605C256C05B600E38E27 /* WishListView.swift */; };
		AF736065256C169E00E38E27 /* URLBuilder.swift in Sources */ = {isa = PBXBuildFile; fileRef = AF736064256C169E00E38E27 /* URLBuilder.swift */; };
		AF73606A256C416600E38E27 /* MovieListResponse.swift in Sources */ = {isa = PBXBuildFile; fileRef = AF736069256C416600E38E27 /* MovieListResponse.swift */; };
		AF885A0A2562F8210040C9CE /* MoviesUIApp.swift in Sources */ = {isa = PBXBuildFile; fileRef = AF885A092562F8210040C9CE /* MoviesUIApp.swift */; };
		AF885A0C2562F8210040C9CE /* MovieListView.swift in Sources */ = {isa = PBXBuildFile; fileRef = AF885A0B2562F8210040C9CE /* MovieListView.swift */; };
		AF885A0E2562F8220040C9CE /* Assets.xcassets in Resources */ = {isa = PBXBuildFile; fileRef = AF885A0D2562F8220040C9CE /* Assets.xcassets */; };
		AF885A112562F8220040C9CE /* Preview Assets.xcassets in Resources */ = {isa = PBXBuildFile; fileRef = AF885A102562F8220040C9CE /* Preview Assets.xcassets */; };
		AF885A1C2562F8220040C9CE /* MoviesUITests.swift in Sources */ = {isa = PBXBuildFile; fileRef = AF885A1B2562F8220040C9CE /* MoviesUITests.swift */; };
		AF885A272562F8220040C9CE /* MoviesUIUITests.swift in Sources */ = {isa = PBXBuildFile; fileRef = AF885A262562F8220040C9CE /* MoviesUIUITests.swift */; };
		AFA61600257EFDD100CCEE8C /* MovieView.swift in Sources */ = {isa = PBXBuildFile; fileRef = AFA615FF257EFDD100CCEE8C /* MovieView.swift */; };
		AFA61606257F025300CCEE8C /* RatingView.swift in Sources */ = {isa = PBXBuildFile; fileRef = AFA61605257F025300CCEE8C /* RatingView.swift */; };
		AFA6161A257F138200CCEE8C /* CodableBundleExtension.swift in Sources */ = {isa = PBXBuildFile; fileRef = AFA61619257F138200CCEE8C /* CodableBundleExtension.swift */; };
		AFA61622257F13F600CCEE8C /* topRatedMovieListResponse.json in Resources */ = {isa = PBXBuildFile; fileRef = AFA61621257F13F600CCEE8C /* topRatedMovieListResponse.json */; };
		AFA61627257F141000CCEE8C /* MoviesView.swift in Sources */ = {isa = PBXBuildFile; fileRef = AFA61626257F141000CCEE8C /* MoviesView.swift */; };
		AFA61630257F16DC00CCEE8C /* KFImage.swift in Sources */ = {isa = PBXBuildFile; fileRef = AFA6162F257F16DC00CCEE8C /* KFImage.swift */; };
		AFA61640257F183300CCEE8C /* KingfisherSwiftUI in Frameworks */ = {isa = PBXBuildFile; productRef = AFA6163F257F183300CCEE8C /* KingfisherSwiftUI */; };
		AFF08CC825807596001139AB /* LoadingView.swift in Sources */ = {isa = PBXBuildFile; fileRef = AFF08CC725807596001139AB /* LoadingView.swift */; };
		AFF69A7F258022360029D473 /* AsyncContentView.swift in Sources */ = {isa = PBXBuildFile; fileRef = AFF69A7E258022360029D473 /* AsyncContentView.swift */; };
		AFF69A84258022760029D473 /* UIKitActivityIndicator.swift in Sources */ = {isa = PBXBuildFile; fileRef = AFF69A83258022760029D473 /* UIKitActivityIndicator.swift */; };
		B29CC0DB5EF1ADABCFA60E41 /* Pods_MoviesUI_MoviesUIUITests.framework in Frameworks */ = {isa = PBXBuildFile; fileRef = C95FA334E79FAC2045302A4B /* Pods_MoviesUI_MoviesUIUITests.framework */; };
/* End PBXBuildFile section */

/* Begin PBXContainerItemProxy section */
		AF885A182562F8220040C9CE /* PBXContainerItemProxy */ = {
			isa = PBXContainerItemProxy;
			containerPortal = AF8859FE2562F8210040C9CE /* Project object */;
			proxyType = 1;
			remoteGlobalIDString = AF885A052562F8210040C9CE;
			remoteInfo = MoviesUI;
		};
		AF885A232562F8220040C9CE /* PBXContainerItemProxy */ = {
			isa = PBXContainerItemProxy;
			containerPortal = AF8859FE2562F8210040C9CE /* Project object */;
			proxyType = 1;
			remoteGlobalIDString = AF885A052562F8210040C9CE;
			remoteInfo = MoviesUI;
		};
/* End PBXContainerItemProxy section */

/* Begin PBXFileReference section */
		08E2FDB62E5BDDE8E3864AE7 /* Pods-MoviesUI.debug.xcconfig */ = {isa = PBXFileReference; includeInIndex = 1; lastKnownFileType = text.xcconfig; name = "Pods-MoviesUI.debug.xcconfig"; path = "Target Support Files/Pods-MoviesUI/Pods-MoviesUI.debug.xcconfig"; sourceTree = "<group>"; };
		0B4DE5F5CEC40403B3C6367A /* Pods-MoviesUI-MoviesUIUITests.release.xcconfig */ = {isa = PBXFileReference; includeInIndex = 1; lastKnownFileType = text.xcconfig; name = "Pods-MoviesUI-MoviesUIUITests.release.xcconfig"; path = "Target Support Files/Pods-MoviesUI-MoviesUIUITests/Pods-MoviesUI-MoviesUIUITests.release.xcconfig"; sourceTree = "<group>"; };
		0D8A621DD76D0ABD18CC9F75 /* Pods_MoviesUI.framework */ = {isa = PBXFileReference; explicitFileType = wrapper.framework; includeInIndex = 0; path = Pods_MoviesUI.framework; sourceTree = BUILT_PRODUCTS_DIR; };
		26B92E8A3E3D8103E3E86069 /* Pods-MoviesUI.release.xcconfig */ = {isa = PBXFileReference; includeInIndex = 1; lastKnownFileType = text.xcconfig; name = "Pods-MoviesUI.release.xcconfig"; path = "Target Support Files/Pods-MoviesUI/Pods-MoviesUI.release.xcconfig"; sourceTree = "<group>"; };
		5C177863314BF832371B4B69 /* Pods-MoviesUITests.debug.xcconfig */ = {isa = PBXFileReference; includeInIndex = 1; lastKnownFileType = text.xcconfig; name = "Pods-MoviesUITests.debug.xcconfig"; path = "Target Support Files/Pods-MoviesUITests/Pods-MoviesUITests.debug.xcconfig"; sourceTree = "<group>"; };
		633F8B0DF66EB35591B0AE75 /* Pods-MoviesUI-MoviesUIUITests.debug.xcconfig */ = {isa = PBXFileReference; includeInIndex = 1; lastKnownFileType = text.xcconfig; name = "Pods-MoviesUI-MoviesUIUITests.debug.xcconfig"; path = "Target Support Files/Pods-MoviesUI-MoviesUIUITests/Pods-MoviesUI-MoviesUIUITests.debug.xcconfig"; sourceTree = "<group>"; };
		AF54F187256464E100BB9C42 /* Injector.swift */ = {isa = PBXFileReference; lastKnownFileType = sourcecode.swift; path = Injector.swift; sourceTree = "<group>"; };
		AF54F19B2564CAAD00BB9C42 /* DependencyResolver.swift */ = {isa = PBXFileReference; lastKnownFileType = sourcecode.swift; path = DependencyResolver.swift; sourceTree = "<group>"; };
		AF54F1A22564CB4E00BB9C42 /* ServiceRepo.swift */ = {isa = PBXFileReference; lastKnownFileType = sourcecode.swift; path = ServiceRepo.swift; sourceTree = "<group>"; };
		AF54F1AA2564CB9D00BB9C42 /* MainServicesRemoteDS.swift */ = {isa = PBXFileReference; lastKnownFileType = sourcecode.swift; path = MainServicesRemoteDS.swift; sourceTree = "<group>"; };
		AF54F1AF2564CBE100BB9C42 /* MainServiceLocalDS.swift */ = {isa = PBXFileReference; lastKnownFileType = sourcecode.swift; path = MainServiceLocalDS.swift; sourceTree = "<group>"; };
		AF54F1B72564CC8800BB9C42 /* LocalContext.swift */ = {isa = PBXFileReference; lastKnownFileType = sourcecode.swift; path = LocalContext.swift; sourceTree = "<group>"; };
		AF54F1BF2564CCAB00BB9C42 /* Router.swift */ = {isa = PBXFileReference; lastKnownFileType = sourcecode.swift; path = Router.swift; sourceTree = "<group>"; };
		AF54F1C42564CD0600BB9C42 /* RoutersProtocol.swift */ = {isa = PBXFileReference; lastKnownFileType = sourcecode.swift; path = RoutersProtocol.swift; sourceTree = "<group>"; };
		AF54F1C92564CDBF00BB9C42 /* AccessTokenAdapter.swift */ = {isa = PBXFileReference; lastKnownFileType = sourcecode.swift; path = AccessTokenAdapter.swift; sourceTree = "<group>"; };
		AF54F1CE2564CDDD00BB9C42 /* Headers.swift */ = {isa = PBXFileReference; lastKnownFileType = sourcecode.swift; path = Headers.swift; sourceTree = "<group>"; };
		AF54F1D32564CDF800BB9C42 /* RemoteContext.swift */ = {isa = PBXFileReference; lastKnownFileType = sourcecode.swift; path = RemoteContext.swift; sourceTree = "<group>"; };
		AF54F1D82564CE1700BB9C42 /* RemoteErrorHandler.swift */ = {isa = PBXFileReference; lastKnownFileType = sourcecode.swift; path = RemoteErrorHandler.swift; sourceTree = "<group>"; };
		AF54F1DD2564CE3300BB9C42 /* SessionManager.swift */ = {isa = PBXFileReference; lastKnownFileType = sourcecode.swift; path = SessionManager.swift; sourceTree = "<group>"; };
		AF54F1E42564CEAB00BB9C42 /* ErrorModel.swift */ = {isa = PBXFileReference; lastKnownFileType = sourcecode.swift; path = ErrorModel.swift; sourceTree = "<group>"; };
		AF54F1EC2564CF3700BB9C42 /* UserDefaultsExtension.swift */ = {isa = PBXFileReference; fileEncoding = 4; lastKnownFileType = sourcecode.swift; path = UserDefaultsExtension.swift; sourceTree = "<group>"; };
		AF54F1ED2564CF3700BB9C42 /* AuthorizationDataManager.swift */ = {isa = PBXFileReference; fileEncoding = 4; lastKnownFileType = sourcecode.swift; path = AuthorizationDataManager.swift; sourceTree = "<group>"; };
		AF54F2212565C14F00BB9C42 /* MovieListVM.swift */ = {isa = PBXFileReference; lastKnownFileType = sourcecode.swift; path = MovieListVM.swift; sourceTree = "<group>"; };
		AF736037256BF00000E38E27 /* MainView.swift */ = {isa = PBXFileReference; lastKnownFileType = sourcecode.swift; path = MainView.swift; sourceTree = "<group>"; };
		AF73603F256BF03E00E38E27 /* CustomBottonTabBar.swift */ = {isa = PBXFileReference; lastKnownFileType = sourcecode.swift; path = CustomBottonTabBar.swift; sourceTree = "<group>"; };
		AF736049256C04F200E38E27 /* CustomBottonTabBarTabs.swift */ = {isa = PBXFileReference; lastKnownFileType = sourcecode.swift; path = CustomBottonTabBarTabs.swift; sourceTree = "<group>"; };
		AF736057256C05A700E38E27 /* ProfileView.swift */ = {isa = PBXFileReference; lastKnownFileType = sourcecode.swift; path = ProfileView.swift; sourceTree = "<group>"; };
		AF73605C256C05B600E38E27 /* WishListView.swift */ = {isa = PBXFileReference; lastKnownFileType = sourcecode.swift; path = WishListView.swift; sourceTree = "<group>"; };
		AF736064256C169E00E38E27 /* URLBuilder.swift */ = {isa = PBXFileReference; lastKnownFileType = sourcecode.swift; path = URLBuilder.swift; sourceTree = "<group>"; };
		AF736069256C416600E38E27 /* MovieListResponse.swift */ = {isa = PBXFileReference; lastKnownFileType = sourcecode.swift; path = MovieListResponse.swift; sourceTree = "<group>"; };
		AF885A062562F8210040C9CE /* MoviesUI.app */ = {isa = PBXFileReference; explicitFileType = wrapper.application; includeInIndex = 0; path = MoviesUI.app; sourceTree = BUILT_PRODUCTS_DIR; };
		AF885A092562F8210040C9CE /* MoviesUIApp.swift */ = {isa = PBXFileReference; lastKnownFileType = sourcecode.swift; path = MoviesUIApp.swift; sourceTree = "<group>"; };
		AF885A0B2562F8210040C9CE /* MovieListView.swift */ = {isa = PBXFileReference; lastKnownFileType = sourcecode.swift; path = MovieListView.swift; sourceTree = "<group>"; };
		AF885A0D2562F8220040C9CE /* Assets.xcassets */ = {isa = PBXFileReference; lastKnownFileType = folder.assetcatalog; path = Assets.xcassets; sourceTree = "<group>"; };
		AF885A102562F8220040C9CE /* Preview Assets.xcassets */ = {isa = PBXFileReference; lastKnownFileType = folder.assetcatalog; path = "Preview Assets.xcassets"; sourceTree = "<group>"; };
		AF885A122562F8220040C9CE /* Info.plist */ = {isa = PBXFileReference; lastKnownFileType = text.plist.xml; path = Info.plist; sourceTree = "<group>"; };
		AF885A172562F8220040C9CE /* MoviesUITests.xctest */ = {isa = PBXFileReference; explicitFileType = wrapper.cfbundle; includeInIndex = 0; path = MoviesUITests.xctest; sourceTree = BUILT_PRODUCTS_DIR; };
		AF885A1B2562F8220040C9CE /* MoviesUITests.swift */ = {isa = PBXFileReference; lastKnownFileType = sourcecode.swift; path = MoviesUITests.swift; sourceTree = "<group>"; };
		AF885A1D2562F8220040C9CE /* Info.plist */ = {isa = PBXFileReference; lastKnownFileType = text.plist.xml; path = Info.plist; sourceTree = "<group>"; };
		AF885A222562F8220040C9CE /* MoviesUIUITests.xctest */ = {isa = PBXFileReference; explicitFileType = wrapper.cfbundle; includeInIndex = 0; path = MoviesUIUITests.xctest; sourceTree = BUILT_PRODUCTS_DIR; };
		AF885A262562F8220040C9CE /* MoviesUIUITests.swift */ = {isa = PBXFileReference; lastKnownFileType = sourcecode.swift; path = MoviesUIUITests.swift; sourceTree = "<group>"; };
		AF885A282562F8220040C9CE /* Info.plist */ = {isa = PBXFileReference; lastKnownFileType = text.plist.xml; path = Info.plist; sourceTree = "<group>"; };
		AFA615FF257EFDD100CCEE8C /* MovieView.swift */ = {isa = PBXFileReference; lastKnownFileType = sourcecode.swift; path = MovieView.swift; sourceTree = "<group>"; };
		AFA61605257F025300CCEE8C /* RatingView.swift */ = {isa = PBXFileReference; lastKnownFileType = sourcecode.swift; path = RatingView.swift; sourceTree = "<group>"; };
		AFA61619257F138200CCEE8C /* CodableBundleExtension.swift */ = {isa = PBXFileReference; lastKnownFileType = sourcecode.swift; path = CodableBundleExtension.swift; sourceTree = "<group>"; };
		AFA61621257F13F600CCEE8C /* topRatedMovieListResponse.json */ = {isa = PBXFileReference; fileEncoding = 4; lastKnownFileType = text.json; path = topRatedMovieListResponse.json; sourceTree = "<group>"; };
		AFA61626257F141000CCEE8C /* MoviesView.swift */ = {isa = PBXFileReference; lastKnownFileType = sourcecode.swift; path = MoviesView.swift; sourceTree = "<group>"; };
		AFA6162F257F16DC00CCEE8C /* KFImage.swift */ = {isa = PBXFileReference; lastKnownFileType = sourcecode.swift; path = KFImage.swift; sourceTree = "<group>"; };
		AFF08CC725807596001139AB /* LoadingView.swift */ = {isa = PBXFileReference; fileEncoding = 4; lastKnownFileType = sourcecode.swift; path = LoadingView.swift; sourceTree = "<group>"; };
		AFF69A7E258022360029D473 /* AsyncContentView.swift */ = {isa = PBXFileReference; lastKnownFileType = sourcecode.swift; path = AsyncContentView.swift; sourceTree = "<group>"; };
		AFF69A83258022760029D473 /* UIKitActivityIndicator.swift */ = {isa = PBXFileReference; lastKnownFileType = sourcecode.swift; path = UIKitActivityIndicator.swift; sourceTree = "<group>"; };
		B104F39A8D923E74FC5DDD56 /* Pods_MoviesUITests.framework */ = {isa = PBXFileReference; explicitFileType = wrapper.framework; includeInIndex = 0; path = Pods_MoviesUITests.framework; sourceTree = BUILT_PRODUCTS_DIR; };
		BD23F1D17CF4E666BCCC55ED /* Pods-MoviesUITests.release.xcconfig */ = {isa = PBXFileReference; includeInIndex = 1; lastKnownFileType = text.xcconfig; name = "Pods-MoviesUITests.release.xcconfig"; path = "Target Support Files/Pods-MoviesUITests/Pods-MoviesUITests.release.xcconfig"; sourceTree = "<group>"; };
		C95FA334E79FAC2045302A4B /* Pods_MoviesUI_MoviesUIUITests.framework */ = {isa = PBXFileReference; explicitFileType = wrapper.framework; includeInIndex = 0; path = Pods_MoviesUI_MoviesUIUITests.framework; sourceTree = BUILT_PRODUCTS_DIR; };
/* End PBXFileReference section */

/* Begin PBXFrameworksBuildPhase section */
		AF885A032562F8210040C9CE /* Frameworks */ = {
			isa = PBXFrameworksBuildPhase;
			buildActionMask = 2147483647;
			files = (
				AFA61640257F183300CCEE8C /* KingfisherSwiftUI in Frameworks */,
				6DDF733BA1F442D33AC92A73 /* Pods_MoviesUI.framework in Frameworks */,
			);
			runOnlyForDeploymentPostprocessing = 0;
		};
		AF885A142562F8220040C9CE /* Frameworks */ = {
			isa = PBXFrameworksBuildPhase;
			buildActionMask = 2147483647;
			files = (
				466CCE8007D456051ED21BDC /* Pods_MoviesUITests.framework in Frameworks */,
			);
			runOnlyForDeploymentPostprocessing = 0;
		};
		AF885A1F2562F8220040C9CE /* Frameworks */ = {
			isa = PBXFrameworksBuildPhase;
			buildActionMask = 2147483647;
			files = (
				B29CC0DB5EF1ADABCFA60E41 /* Pods_MoviesUI_MoviesUIUITests.framework in Frameworks */,
			);
			runOnlyForDeploymentPostprocessing = 0;
		};
/* End PBXFrameworksBuildPhase section */

/* Begin PBXGroup section */
		1A66143B0744B418B13F46D2 /* Pods */ = {
			isa = PBXGroup;
			children = (
				08E2FDB62E5BDDE8E3864AE7 /* Pods-MoviesUI.debug.xcconfig */,
				26B92E8A3E3D8103E3E86069 /* Pods-MoviesUI.release.xcconfig */,
				633F8B0DF66EB35591B0AE75 /* Pods-MoviesUI-MoviesUIUITests.debug.xcconfig */,
				0B4DE5F5CEC40403B3C6367A /* Pods-MoviesUI-MoviesUIUITests.release.xcconfig */,
				5C177863314BF832371B4B69 /* Pods-MoviesUITests.debug.xcconfig */,
				BD23F1D17CF4E666BCCC55ED /* Pods-MoviesUITests.release.xcconfig */,
			);
			path = Pods;
			sourceTree = "<group>";
		};
		391E29B2B38F2045484B9ED0 /* Frameworks */ = {
			isa = PBXGroup;
			children = (
				0D8A621DD76D0ABD18CC9F75 /* Pods_MoviesUI.framework */,
				C95FA334E79FAC2045302A4B /* Pods_MoviesUI_MoviesUIUITests.framework */,
				B104F39A8D923E74FC5DDD56 /* Pods_MoviesUITests.framework */,
			);
			name = Frameworks;
			sourceTree = "<group>";
		};
		AF54F1862564648F00BB9C42 /* App Coordinator */ = {
			isa = PBXGroup;
			children = (
				AF54F187256464E100BB9C42 /* Injector.swift */,
				AF54F19B2564CAAD00BB9C42 /* DependencyResolver.swift */,
				AFF69A7E258022360029D473 /* AsyncContentView.swift */,
			);
			path = "App Coordinator";
			sourceTree = "<group>";
		};
		AF54F1A02564CAFA00BB9C42 /* Network */ = {
			isa = PBXGroup;
			children = (
				AF54F1ED2564CF3700BB9C42 /* AuthorizationDataManager.swift */,
				AF54F1EC2564CF3700BB9C42 /* UserDefaultsExtension.swift */,
				AF54F1B42564CC5700BB9C42 /* Remote Manager */,
				AF54F1B52564CC6100BB9C42 /* Local Manager */,
				AF54F1B62564CC7000BB9C42 /* URLRouter */,
				AF54F1A12564CB2900BB9C42 /* Data Manager */,
				AF54F1E22564CE7E00BB9C42 /* Data Models */,
			);
			path = Network;
			sourceTree = "<group>";
		};
		AF54F1A12564CB2900BB9C42 /* Data Manager */ = {
			isa = PBXGroup;
			children = (
				AF54F1A22564CB4E00BB9C42 /* ServiceRepo.swift */,
				AF54F1AA2564CB9D00BB9C42 /* MainServicesRemoteDS.swift */,
				AF54F1AF2564CBE100BB9C42 /* MainServiceLocalDS.swift */,
			);
			path = "Data Manager";
			sourceTree = "<group>";
		};
		AF54F1B42564CC5700BB9C42 /* Remote Manager */ = {
			isa = PBXGroup;
			children = (
				AF54F1C92564CDBF00BB9C42 /* AccessTokenAdapter.swift */,
				AF54F1CE2564CDDD00BB9C42 /* Headers.swift */,
				AF54F1D32564CDF800BB9C42 /* RemoteContext.swift */,
				AF54F1D82564CE1700BB9C42 /* RemoteErrorHandler.swift */,
				AF54F1DD2564CE3300BB9C42 /* SessionManager.swift */,
				AF736064256C169E00E38E27 /* URLBuilder.swift */,
			);
			path = "Remote Manager";
			sourceTree = "<group>";
		};
		AF54F1B52564CC6100BB9C42 /* Local Manager */ = {
			isa = PBXGroup;
			children = (
				AF54F1B72564CC8800BB9C42 /* LocalContext.swift */,
			);
			path = "Local Manager";
			sourceTree = "<group>";
		};
		AF54F1B62564CC7000BB9C42 /* URLRouter */ = {
			isa = PBXGroup;
			children = (
				AF54F1BF2564CCAB00BB9C42 /* Router.swift */,
				AF54F1C42564CD0600BB9C42 /* RoutersProtocol.swift */,
			);
			path = URLRouter;
			sourceTree = "<group>";
		};
		AF54F1E22564CE7E00BB9C42 /* Data Models */ = {
			isa = PBXGroup;
			children = (
				AFA615F4257EFC2200CCEE8C /* MovieListResponse */,
				AF54F1E32564CEA000BB9C42 /* ErrorModel */,
			);
			path = "Data Models";
			sourceTree = "<group>";
		};
		AF54F1E32564CEA000BB9C42 /* ErrorModel */ = {
			isa = PBXGroup;
			children = (
				AF54F1E42564CEAB00BB9C42 /* ErrorModel.swift */,
			);
			path = ErrorModel;
			sourceTree = "<group>";
		};
		AF736035256BEFCC00E38E27 /* Views */ = {
			isa = PBXGroup;
			children = (
				AF736036256BEFEE00E38E27 /* MainView */,
				AFA615F8257EFC5B00CCEE8C /* MovieList */,
				AFA61604257F024400CCEE8C /* UIReuse */,
			);
			path = Views;
			sourceTree = "<group>";
		};
		AF736036256BEFEE00E38E27 /* MainView */ = {
			isa = PBXGroup;
			children = (
				AF736037256BF00000E38E27 /* MainView.swift */,
				AF73603F256BF03E00E38E27 /* CustomBottonTabBar.swift */,
			);
			path = MainView;
			sourceTree = "<group>";
		};
		AF736044256C038F00E38E27 /* MainViews */ = {
			isa = PBXGroup;
			children = (
				AF885A092562F8210040C9CE /* MoviesUIApp.swift */,
				AF73605C256C05B600E38E27 /* WishListView.swift */,
				AF736057256C05A700E38E27 /* ProfileView.swift */,
			);
			path = MainViews;
			sourceTree = "<group>";
		};
		AF736048256C04BC00E38E27 /* Helpers */ = {
			isa = PBXGroup;
			children = (
				AF736049256C04F200E38E27 /* CustomBottonTabBarTabs.swift */,
			);
			path = Helpers;
			sourceTree = "<group>";
		};
		AF8859FD2562F8210040C9CE = {
			isa = PBXGroup;
			children = (
				AF885A082562F8210040C9CE /* MoviesUI */,
				AF885A1A2562F8220040C9CE /* MoviesUITests */,
				AF885A252562F8220040C9CE /* MoviesUIUITests */,
				AF885A072562F8210040C9CE /* Products */,
				1A66143B0744B418B13F46D2 /* Pods */,
				391E29B2B38F2045484B9ED0 /* Frameworks */,
			);
			sourceTree = "<group>";
		};
		AF885A072562F8210040C9CE /* Products */ = {
			isa = PBXGroup;
			children = (
				AF885A062562F8210040C9CE /* MoviesUI.app */,
				AF885A172562F8220040C9CE /* MoviesUITests.xctest */,
				AF885A222562F8220040C9CE /* MoviesUIUITests.xctest */,
			);
			name = Products;
			sourceTree = "<group>";
		};
		AF885A082562F8210040C9CE /* MoviesUI */ = {
			isa = PBXGroup;
			children = (
				AFA61618257F136F00CCEE8C /* Extensions */,
				AF54F1862564648F00BB9C42 /* App Coordinator */,
				AF54F1A02564CAFA00BB9C42 /* Network */,
				AF736044256C038F00E38E27 /* MainViews */,
				AF736035256BEFCC00E38E27 /* Views */,
				AFA6162E257F168500CCEE8C /* Utilities */,
				AF736048256C04BC00E38E27 /* Helpers */,
				AF885A0D2562F8220040C9CE /* Assets.xcassets */,
				AF885A122562F8220040C9CE /* Info.plist */,
				AF885A0F2562F8220040C9CE /* Preview Content */,
			);
			path = MoviesUI;
			sourceTree = "<group>";
		};
		AF885A0F2562F8220040C9CE /* Preview Content */ = {
			isa = PBXGroup;
			children = (
				AF885A102562F8220040C9CE /* Preview Assets.xcassets */,
			);
			path = "Preview Content";
			sourceTree = "<group>";
		};
		AF885A1A2562F8220040C9CE /* MoviesUITests */ = {
			isa = PBXGroup;
			children = (
				AF885A1B2562F8220040C9CE /* MoviesUITests.swift */,
				AF885A1D2562F8220040C9CE /* Info.plist */,
			);
			path = MoviesUITests;
			sourceTree = "<group>";
		};
		AF885A252562F8220040C9CE /* MoviesUIUITests */ = {
			isa = PBXGroup;
			children = (
				AF885A262562F8220040C9CE /* MoviesUIUITests.swift */,
				AF885A282562F8220040C9CE /* Info.plist */,
			);
			path = MoviesUIUITests;
			sourceTree = "<group>";
		};
		AFA615F4257EFC2200CCEE8C /* MovieListResponse */ = {
			isa = PBXGroup;
			children = (
				AF736069256C416600E38E27 /* MovieListResponse.swift */,
			);
			path = MovieListResponse;
			sourceTree = "<group>";
		};
		AFA615F8257EFC5B00CCEE8C /* MovieList */ = {
			isa = PBXGroup;
			children = (
				AF885A0B2562F8210040C9CE /* MovieListView.swift */,
				AFA615FC257EFC9000CCEE8C /* MovieListVM */,
				AFA615FD257EFCB200CCEE8C /* MovieListView */,
			);
			path = MovieList;
			sourceTree = "<group>";
		};
		AFA615FC257EFC9000CCEE8C /* MovieListVM */ = {
			isa = PBXGroup;
			children = (
				AF54F2212565C14F00BB9C42 /* MovieListVM.swift */,
			);
			path = MovieListVM;
			sourceTree = "<group>";
		};
		AFA615FD257EFCB200CCEE8C /* MovieListView */ = {
			isa = PBXGroup;
			children = (
				AFA61626257F141000CCEE8C /* MoviesView.swift */,
				AFA615FF257EFDD100CCEE8C /* MovieView.swift */,
			);
			path = MovieListView;
			sourceTree = "<group>";
		};
		AFA61604257F024400CCEE8C /* UIReuse */ = {
			isa = PBXGroup;
			children = (
				AFA61605257F025300CCEE8C /* RatingView.swift */,
			);
			path = UIReuse;
			sourceTree = "<group>";
		};
		AFA61618257F136F00CCEE8C /* Extensions */ = {
			isa = PBXGroup;
			children = (
				AFA61619257F138200CCEE8C /* CodableBundleExtension.swift */,
				AFA61621257F13F600CCEE8C /* topRatedMovieListResponse.json */,
			);
			path = Extensions;
			sourceTree = "<group>";
		};
		AFA6162E257F168500CCEE8C /* Utilities */ = {
			isa = PBXGroup;
			children = (
				AFA6162F257F16DC00CCEE8C /* KFImage.swift */,
				AFF69A83258022760029D473 /* UIKitActivityIndicator.swift */,
				AFF08CC725807596001139AB /* LoadingView.swift */,
			);
			path = Utilities;
			sourceTree = "<group>";
		};
/* End PBXGroup section */

/* Begin PBXNativeTarget section */
		AF885A052562F8210040C9CE /* MoviesUI */ = {
			isa = PBXNativeTarget;
			buildConfigurationList = AF885A2B2562F8220040C9CE /* Build configuration list for PBXNativeTarget "MoviesUI" */;
			buildPhases = (
				6FC118243F1ACC9E6C1D7A33 /* [CP] Check Pods Manifest.lock */,
				AF885A022562F8210040C9CE /* Sources */,
				AF885A032562F8210040C9CE /* Frameworks */,
				AF885A042562F8210040C9CE /* Resources */,
				D8662E97CD7FA5BBDE48819B /* [CP] Embed Pods Frameworks */,
			);
			buildRules = (
			);
			dependencies = (
			);
			name = MoviesUI;
			packageProductDependencies = (
				AFA6163F257F183300CCEE8C /* KingfisherSwiftUI */,
			);
			productName = MoviesUI;
			productReference = AF885A062562F8210040C9CE /* MoviesUI.app */;
			productType = "com.apple.product-type.application";
		};
		AF885A162562F8220040C9CE /* MoviesUITests */ = {
			isa = PBXNativeTarget;
			buildConfigurationList = AF885A2E2562F8220040C9CE /* Build configuration list for PBXNativeTarget "MoviesUITests" */;
			buildPhases = (
				684035CCE84C7F8DDFF2A3C3 /* [CP] Check Pods Manifest.lock */,
				AF885A132562F8220040C9CE /* Sources */,
				AF885A142562F8220040C9CE /* Frameworks */,
				AF885A152562F8220040C9CE /* Resources */,
			);
			buildRules = (
			);
			dependencies = (
				AF885A192562F8220040C9CE /* PBXTargetDependency */,
			);
			name = MoviesUITests;
			productName = MoviesUITests;
			productReference = AF885A172562F8220040C9CE /* MoviesUITests.xctest */;
			productType = "com.apple.product-type.bundle.unit-test";
		};
		AF885A212562F8220040C9CE /* MoviesUIUITests */ = {
			isa = PBXNativeTarget;
			buildConfigurationList = AF885A312562F8220040C9CE /* Build configuration list for PBXNativeTarget "MoviesUIUITests" */;
			buildPhases = (
				F1A713CCD82F527DC3E7A098 /* [CP] Check Pods Manifest.lock */,
				AF885A1E2562F8220040C9CE /* Sources */,
				AF885A1F2562F8220040C9CE /* Frameworks */,
				AF885A202562F8220040C9CE /* Resources */,
				C04F1D2F0E4E2FCA4329EABE /* [CP] Embed Pods Frameworks */,
			);
			buildRules = (
			);
			dependencies = (
				AF885A242562F8220040C9CE /* PBXTargetDependency */,
			);
			name = MoviesUIUITests;
			productName = MoviesUIUITests;
			productReference = AF885A222562F8220040C9CE /* MoviesUIUITests.xctest */;
			productType = "com.apple.product-type.bundle.ui-testing";
		};
/* End PBXNativeTarget section */

/* Begin PBXProject section */
		AF8859FE2562F8210040C9CE /* Project object */ = {
			isa = PBXProject;
			attributes = {
				LastSwiftUpdateCheck = 1220;
				LastUpgradeCheck = 1220;
				TargetAttributes = {
					AF885A052562F8210040C9CE = {
						CreatedOnToolsVersion = 12.2;
					};
					AF885A162562F8220040C9CE = {
						CreatedOnToolsVersion = 12.2;
						TestTargetID = AF885A052562F8210040C9CE;
					};
					AF885A212562F8220040C9CE = {
						CreatedOnToolsVersion = 12.2;
						TestTargetID = AF885A052562F8210040C9CE;
					};
				};
			};
			buildConfigurationList = AF885A012562F8210040C9CE /* Build configuration list for PBXProject "MoviesUI" */;
			compatibilityVersion = "Xcode 9.3";
			developmentRegion = en;
			hasScannedForEncodings = 0;
			knownRegions = (
				en,
				Base,
			);
			mainGroup = AF8859FD2562F8210040C9CE;
			packageReferences = (
				AF54F19525647FA200BB9C42 /* XCRemoteSwiftPackageReference "Kingfisher" */,
			);
			productRefGroup = AF885A072562F8210040C9CE /* Products */;
			projectDirPath = "";
			projectRoot = "";
			targets = (
				AF885A052562F8210040C9CE /* MoviesUI */,
				AF885A162562F8220040C9CE /* MoviesUITests */,
				AF885A212562F8220040C9CE /* MoviesUIUITests */,
			);
		};
/* End PBXProject section */

/* Begin PBXResourcesBuildPhase section */
		AF885A042562F8210040C9CE /* Resources */ = {
			isa = PBXResourcesBuildPhase;
			buildActionMask = 2147483647;
			files = (
				AF885A112562F8220040C9CE /* Preview Assets.xcassets in Resources */,
				AF885A0E2562F8220040C9CE /* Assets.xcassets in Resources */,
				AFA61622257F13F600CCEE8C /* topRatedMovieListResponse.json in Resources */,
			);
			runOnlyForDeploymentPostprocessing = 0;
		};
		AF885A152562F8220040C9CE /* Resources */ = {
			isa = PBXResourcesBuildPhase;
			buildActionMask = 2147483647;
			files = (
			);
			runOnlyForDeploymentPostprocessing = 0;
		};
		AF885A202562F8220040C9CE /* Resources */ = {
			isa = PBXResourcesBuildPhase;
			buildActionMask = 2147483647;
			files = (
			);
			runOnlyForDeploymentPostprocessing = 0;
		};
/* End PBXResourcesBuildPhase section */

/* Begin PBXShellScriptBuildPhase section */
		684035CCE84C7F8DDFF2A3C3 /* [CP] Check Pods Manifest.lock */ = {
			isa = PBXShellScriptBuildPhase;
			buildActionMask = 2147483647;
			files = (
			);
			inputFileListPaths = (
			);
			inputPaths = (
				"${PODS_PODFILE_DIR_PATH}/Podfile.lock",
				"${PODS_ROOT}/Manifest.lock",
			);
			name = "[CP] Check Pods Manifest.lock";
			outputFileListPaths = (
			);
			outputPaths = (
				"$(DERIVED_FILE_DIR)/Pods-MoviesUITests-checkManifestLockResult.txt",
			);
			runOnlyForDeploymentPostprocessing = 0;
			shellPath = /bin/sh;
			shellScript = "diff \"${PODS_PODFILE_DIR_PATH}/Podfile.lock\" \"${PODS_ROOT}/Manifest.lock\" > /dev/null\nif [ $? != 0 ] ; then\n    # print error to STDERR\n    echo \"error: The sandbox is not in sync with the Podfile.lock. Run 'pod install' or update your CocoaPods installation.\" >&2\n    exit 1\nfi\n# This output is used by Xcode 'outputs' to avoid re-running this script phase.\necho \"SUCCESS\" > \"${SCRIPT_OUTPUT_FILE_0}\"\n";
			showEnvVarsInLog = 0;
		};
		6FC118243F1ACC9E6C1D7A33 /* [CP] Check Pods Manifest.lock */ = {
			isa = PBXShellScriptBuildPhase;
			buildActionMask = 2147483647;
			files = (
			);
			inputFileListPaths = (
			);
			inputPaths = (
				"${PODS_PODFILE_DIR_PATH}/Podfile.lock",
				"${PODS_ROOT}/Manifest.lock",
			);
			name = "[CP] Check Pods Manifest.lock";
			outputFileListPaths = (
			);
			outputPaths = (
				"$(DERIVED_FILE_DIR)/Pods-MoviesUI-checkManifestLockResult.txt",
			);
			runOnlyForDeploymentPostprocessing = 0;
			shellPath = /bin/sh;
			shellScript = "diff \"${PODS_PODFILE_DIR_PATH}/Podfile.lock\" \"${PODS_ROOT}/Manifest.lock\" > /dev/null\nif [ $? != 0 ] ; then\n    # print error to STDERR\n    echo \"error: The sandbox is not in sync with the Podfile.lock. Run 'pod install' or update your CocoaPods installation.\" >&2\n    exit 1\nfi\n# This output is used by Xcode 'outputs' to avoid re-running this script phase.\necho \"SUCCESS\" > \"${SCRIPT_OUTPUT_FILE_0}\"\n";
			showEnvVarsInLog = 0;
		};
		C04F1D2F0E4E2FCA4329EABE /* [CP] Embed Pods Frameworks */ = {
			isa = PBXShellScriptBuildPhase;
			buildActionMask = 2147483647;
			files = (
			);
			inputFileListPaths = (
				"${PODS_ROOT}/Target Support Files/Pods-MoviesUI-MoviesUIUITests/Pods-MoviesUI-MoviesUIUITests-frameworks-${CONFIGURATION}-input-files.xcfilelist",
			);
			name = "[CP] Embed Pods Frameworks";
			outputFileListPaths = (
				"${PODS_ROOT}/Target Support Files/Pods-MoviesUI-MoviesUIUITests/Pods-MoviesUI-MoviesUIUITests-frameworks-${CONFIGURATION}-output-files.xcfilelist",
			);
			runOnlyForDeploymentPostprocessing = 0;
			shellPath = /bin/sh;
			shellScript = "\"${PODS_ROOT}/Target Support Files/Pods-MoviesUI-MoviesUIUITests/Pods-MoviesUI-MoviesUIUITests-frameworks.sh\"\n";
			showEnvVarsInLog = 0;
		};
		D8662E97CD7FA5BBDE48819B /* [CP] Embed Pods Frameworks */ = {
			isa = PBXShellScriptBuildPhase;
			buildActionMask = 2147483647;
			files = (
			);
			inputFileListPaths = (
				"${PODS_ROOT}/Target Support Files/Pods-MoviesUI/Pods-MoviesUI-frameworks-${CONFIGURATION}-input-files.xcfilelist",
			);
			name = "[CP] Embed Pods Frameworks";
			outputFileListPaths = (
				"${PODS_ROOT}/Target Support Files/Pods-MoviesUI/Pods-MoviesUI-frameworks-${CONFIGURATION}-output-files.xcfilelist",
			);
			runOnlyForDeploymentPostprocessing = 0;
			shellPath = /bin/sh;
			shellScript = "\"${PODS_ROOT}/Target Support Files/Pods-MoviesUI/Pods-MoviesUI-frameworks.sh\"\n";
			showEnvVarsInLog = 0;
		};
		F1A713CCD82F527DC3E7A098 /* [CP] Check Pods Manifest.lock */ = {
			isa = PBXShellScriptBuildPhase;
			buildActionMask = 2147483647;
			files = (
			);
			inputFileListPaths = (
			);
			inputPaths = (
				"${PODS_PODFILE_DIR_PATH}/Podfile.lock",
				"${PODS_ROOT}/Manifest.lock",
			);
			name = "[CP] Check Pods Manifest.lock";
			outputFileListPaths = (
			);
			outputPaths = (
				"$(DERIVED_FILE_DIR)/Pods-MoviesUI-MoviesUIUITests-checkManifestLockResult.txt",
			);
			runOnlyForDeploymentPostprocessing = 0;
			shellPath = /bin/sh;
			shellScript = "diff \"${PODS_PODFILE_DIR_PATH}/Podfile.lock\" \"${PODS_ROOT}/Manifest.lock\" > /dev/null\nif [ $? != 0 ] ; then\n    # print error to STDERR\n    echo \"error: The sandbox is not in sync with the Podfile.lock. Run 'pod install' or update your CocoaPods installation.\" >&2\n    exit 1\nfi\n# This output is used by Xcode 'outputs' to avoid re-running this script phase.\necho \"SUCCESS\" > \"${SCRIPT_OUTPUT_FILE_0}\"\n";
			showEnvVarsInLog = 0;
		};
/* End PBXShellScriptBuildPhase section */

/* Begin PBXSourcesBuildPhase section */
		AF885A022562F8210040C9CE /* Sources */ = {
			isa = PBXSourcesBuildPhase;
			buildActionMask = 2147483647;
			files = (
				AF736065256C169E00E38E27 /* URLBuilder.swift in Sources */,
				AF54F1A32564CB4E00BB9C42 /* ServiceRepo.swift in Sources */,
				AF54F1D42564CDF800BB9C42 /* RemoteContext.swift in Sources */,
				AF54F19C2564CAAD00BB9C42 /* DependencyResolver.swift in Sources */,
				AF736040256BF03E00E38E27 /* CustomBottonTabBar.swift in Sources */,
				AFF69A7F258022360029D473 /* AsyncContentView.swift in Sources */,
				AF54F1B02564CBE100BB9C42 /* MainServiceLocalDS.swift in Sources */,
				AFA61630257F16DC00CCEE8C /* KFImage.swift in Sources */,
				AF885A0C2562F8210040C9CE /* MovieListView.swift in Sources */,
				AF73604A256C04F200E38E27 /* CustomBottonTabBarTabs.swift in Sources */,
				AF54F1D92564CE1700BB9C42 /* RemoteErrorHandler.swift in Sources */,
				AF54F1E52564CEAB00BB9C42 /* ErrorModel.swift in Sources */,
				AF73605D256C05B600E38E27 /* WishListView.swift in Sources */,
				AF54F1C52564CD0600BB9C42 /* RoutersProtocol.swift in Sources */,
				AF54F1C02564CCAB00BB9C42 /* Router.swift in Sources */,
				AFA61600257EFDD100CCEE8C /* MovieView.swift in Sources */,
				AF54F2222565C14F00BB9C42 /* MovieListVM.swift in Sources */,
				AF736058256C05A700E38E27 /* ProfileView.swift in Sources */,
				AF54F1EF2564CF3700BB9C42 /* AuthorizationDataManager.swift in Sources */,
				AF54F1DE2564CE3300BB9C42 /* SessionManager.swift in Sources */,
				AF54F1AB2564CB9D00BB9C42 /* MainServicesRemoteDS.swift in Sources */,
				AFF08CC825807596001139AB /* LoadingView.swift in Sources */,
				AFF69A84258022760029D473 /* UIKitActivityIndicator.swift in Sources */,
				AFA6161A257F138200CCEE8C /* CodableBundleExtension.swift in Sources */,
				AF54F1B82564CC8800BB9C42 /* LocalContext.swift in Sources */,
				AF54F1EE2564CF3700BB9C42 /* UserDefaultsExtension.swift in Sources */,
				AF54F1CF2564CDDD00BB9C42 /* Headers.swift in Sources */,
				AF736038256BF00000E38E27 /* MainView.swift in Sources */,
				AF54F188256464E100BB9C42 /* Injector.swift in Sources */,
				AFA61627257F141000CCEE8C /* MoviesView.swift in Sources */,
				AF54F1CA2564CDBF00BB9C42 /* AccessTokenAdapter.swift in Sources */,
				AF885A0A2562F8210040C9CE /* MoviesUIApp.swift in Sources */,
				AF73606A256C416600E38E27 /* MovieListResponse.swift in Sources */,
				AFA61606257F025300CCEE8C /* RatingView.swift in Sources */,
			);
			runOnlyForDeploymentPostprocessing = 0;
		};
		AF885A132562F8220040C9CE /* Sources */ = {
			isa = PBXSourcesBuildPhase;
			buildActionMask = 2147483647;
			files = (
				AF885A1C2562F8220040C9CE /* MoviesUITests.swift in Sources */,
			);
			runOnlyForDeploymentPostprocessing = 0;
		};
		AF885A1E2562F8220040C9CE /* Sources */ = {
			isa = PBXSourcesBuildPhase;
			buildActionMask = 2147483647;
			files = (
				AF885A272562F8220040C9CE /* MoviesUIUITests.swift in Sources */,
			);
			runOnlyForDeploymentPostprocessing = 0;
		};
/* End PBXSourcesBuildPhase section */

/* Begin PBXTargetDependency section */
		AF885A192562F8220040C9CE /* PBXTargetDependency */ = {
			isa = PBXTargetDependency;
			target = AF885A052562F8210040C9CE /* MoviesUI */;
			targetProxy = AF885A182562F8220040C9CE /* PBXContainerItemProxy */;
		};
		AF885A242562F8220040C9CE /* PBXTargetDependency */ = {
			isa = PBXTargetDependency;
			target = AF885A052562F8210040C9CE /* MoviesUI */;
			targetProxy = AF885A232562F8220040C9CE /* PBXContainerItemProxy */;
		};
/* End PBXTargetDependency section */

/* Begin XCBuildConfiguration section */
		AF885A292562F8220040C9CE /* Debug */ = {
			isa = XCBuildConfiguration;
			buildSettings = {
				ALWAYS_SEARCH_USER_PATHS = NO;
				CLANG_ANALYZER_NONNULL = YES;
				CLANG_ANALYZER_NUMBER_OBJECT_CONVERSION = YES_AGGRESSIVE;
				CLANG_CXX_LANGUAGE_STANDARD = "gnu++14";
				CLANG_CXX_LIBRARY = "libc++";
				CLANG_ENABLE_MODULES = YES;
				CLANG_ENABLE_OBJC_ARC = YES;
				CLANG_ENABLE_OBJC_WEAK = YES;
				CLANG_WARN_BLOCK_CAPTURE_AUTORELEASING = YES;
				CLANG_WARN_BOOL_CONVERSION = YES;
				CLANG_WARN_COMMA = YES;
				CLANG_WARN_CONSTANT_CONVERSION = YES;
				CLANG_WARN_DEPRECATED_OBJC_IMPLEMENTATIONS = YES;
				CLANG_WARN_DIRECT_OBJC_ISA_USAGE = YES_ERROR;
				CLANG_WARN_DOCUMENTATION_COMMENTS = YES;
				CLANG_WARN_EMPTY_BODY = YES;
				CLANG_WARN_ENUM_CONVERSION = YES;
				CLANG_WARN_INFINITE_RECURSION = YES;
				CLANG_WARN_INT_CONVERSION = YES;
				CLANG_WARN_NON_LITERAL_NULL_CONVERSION = YES;
				CLANG_WARN_OBJC_IMPLICIT_RETAIN_SELF = YES;
				CLANG_WARN_OBJC_LITERAL_CONVERSION = YES;
				CLANG_WARN_OBJC_ROOT_CLASS = YES_ERROR;
				CLANG_WARN_QUOTED_INCLUDE_IN_FRAMEWORK_HEADER = YES;
				CLANG_WARN_RANGE_LOOP_ANALYSIS = YES;
				CLANG_WARN_STRICT_PROTOTYPES = YES;
				CLANG_WARN_SUSPICIOUS_MOVE = YES;
				CLANG_WARN_UNGUARDED_AVAILABILITY = YES_AGGRESSIVE;
				CLANG_WARN_UNREACHABLE_CODE = YES;
				CLANG_WARN__DUPLICATE_METHOD_MATCH = YES;
				COPY_PHASE_STRIP = NO;
				DEBUG_INFORMATION_FORMAT = dwarf;
				ENABLE_STRICT_OBJC_MSGSEND = YES;
				ENABLE_TESTABILITY = YES;
				GCC_C_LANGUAGE_STANDARD = gnu11;
				GCC_DYNAMIC_NO_PIC = NO;
				GCC_NO_COMMON_BLOCKS = YES;
				GCC_OPTIMIZATION_LEVEL = 0;
				GCC_PREPROCESSOR_DEFINITIONS = (
					"DEBUG=1",
					"$(inherited)",
				);
				GCC_WARN_64_TO_32_BIT_CONVERSION = YES;
				GCC_WARN_ABOUT_RETURN_TYPE = YES_ERROR;
				GCC_WARN_UNDECLARED_SELECTOR = YES;
				GCC_WARN_UNINITIALIZED_AUTOS = YES_AGGRESSIVE;
				GCC_WARN_UNUSED_FUNCTION = YES;
				GCC_WARN_UNUSED_VARIABLE = YES;
				IPHONEOS_DEPLOYMENT_TARGET = 14.2;
				MTL_ENABLE_DEBUG_INFO = INCLUDE_SOURCE;
				MTL_FAST_MATH = YES;
				ONLY_ACTIVE_ARCH = YES;
				SDKROOT = iphoneos;
				SWIFT_ACTIVE_COMPILATION_CONDITIONS = DEBUG;
				SWIFT_OPTIMIZATION_LEVEL = "-Onone";
			};
			name = Debug;
		};
		AF885A2A2562F8220040C9CE /* Release */ = {
			isa = XCBuildConfiguration;
			buildSettings = {
				ALWAYS_SEARCH_USER_PATHS = NO;
				CLANG_ANALYZER_NONNULL = YES;
				CLANG_ANALYZER_NUMBER_OBJECT_CONVERSION = YES_AGGRESSIVE;
				CLANG_CXX_LANGUAGE_STANDARD = "gnu++14";
				CLANG_CXX_LIBRARY = "libc++";
				CLANG_ENABLE_MODULES = YES;
				CLANG_ENABLE_OBJC_ARC = YES;
				CLANG_ENABLE_OBJC_WEAK = YES;
				CLANG_WARN_BLOCK_CAPTURE_AUTORELEASING = YES;
				CLANG_WARN_BOOL_CONVERSION = YES;
				CLANG_WARN_COMMA = YES;
				CLANG_WARN_CONSTANT_CONVERSION = YES;
				CLANG_WARN_DEPRECATED_OBJC_IMPLEMENTATIONS = YES;
				CLANG_WARN_DIRECT_OBJC_ISA_USAGE = YES_ERROR;
				CLANG_WARN_DOCUMENTATION_COMMENTS = YES;
				CLANG_WARN_EMPTY_BODY = YES;
				CLANG_WARN_ENUM_CONVERSION = YES;
				CLANG_WARN_INFINITE_RECURSION = YES;
				CLANG_WARN_INT_CONVERSION = YES;
				CLANG_WARN_NON_LITERAL_NULL_CONVERSION = YES;
				CLANG_WARN_OBJC_IMPLICIT_RETAIN_SELF = YES;
				CLANG_WARN_OBJC_LITERAL_CONVERSION = YES;
				CLANG_WARN_OBJC_ROOT_CLASS = YES_ERROR;
				CLANG_WARN_QUOTED_INCLUDE_IN_FRAMEWORK_HEADER = YES;
				CLANG_WARN_RANGE_LOOP_ANALYSIS = YES;
				CLANG_WARN_STRICT_PROTOTYPES = YES;
				CLANG_WARN_SUSPICIOUS_MOVE = YES;
				CLANG_WARN_UNGUARDED_AVAILABILITY = YES_AGGRESSIVE;
				CLANG_WARN_UNREACHABLE_CODE = YES;
				CLANG_WARN__DUPLICATE_METHOD_MATCH = YES;
				COPY_PHASE_STRIP = NO;
				DEBUG_INFORMATION_FORMAT = "dwarf-with-dsym";
				ENABLE_NS_ASSERTIONS = NO;
				ENABLE_STRICT_OBJC_MSGSEND = YES;
				GCC_C_LANGUAGE_STANDARD = gnu11;
				GCC_NO_COMMON_BLOCKS = YES;
				GCC_WARN_64_TO_32_BIT_CONVERSION = YES;
				GCC_WARN_ABOUT_RETURN_TYPE = YES_ERROR;
				GCC_WARN_UNDECLARED_SELECTOR = YES;
				GCC_WARN_UNINITIALIZED_AUTOS = YES_AGGRESSIVE;
				GCC_WARN_UNUSED_FUNCTION = YES;
				GCC_WARN_UNUSED_VARIABLE = YES;
				IPHONEOS_DEPLOYMENT_TARGET = 14.2;
				MTL_ENABLE_DEBUG_INFO = NO;
				MTL_FAST_MATH = YES;
				SDKROOT = iphoneos;
				SWIFT_COMPILATION_MODE = wholemodule;
				SWIFT_OPTIMIZATION_LEVEL = "-O";
				VALIDATE_PRODUCT = YES;
			};
			name = Release;
		};
		AF885A2C2562F8220040C9CE /* Debug */ = {
			isa = XCBuildConfiguration;
			baseConfigurationReference = 08E2FDB62E5BDDE8E3864AE7 /* Pods-MoviesUI.debug.xcconfig */;
			buildSettings = {
				ASSETCATALOG_COMPILER_APPICON_NAME = AppIcon;
				ASSETCATALOG_COMPILER_GLOBAL_ACCENT_COLOR_NAME = AccentColor;
				CODE_SIGN_STYLE = Automatic;
				DEVELOPMENT_ASSET_PATHS = "\"MoviesUI/Preview Content\"";
				DEVELOPMENT_TEAM = PTDDPSLG9G;
				ENABLE_PREVIEWS = YES;
				INFOPLIST_FILE = MoviesUI/Info.plist;
				IPHONEOS_DEPLOYMENT_TARGET = 14.0;
				LD_RUNPATH_SEARCH_PATHS = (
					"$(inherited)",
					"@executable_path/Frameworks",
				);
				PRODUCT_BUNDLE_IDENTIFIER = com.vngrs.MoviesUI;
				PRODUCT_NAME = "$(TARGET_NAME)";
				SWIFT_VERSION = 5.0;
				TARGETED_DEVICE_FAMILY = "1,2";
			};
			name = Debug;
		};
		AF885A2D2562F8220040C9CE /* Release */ = {
			isa = XCBuildConfiguration;
			baseConfigurationReference = 26B92E8A3E3D8103E3E86069 /* Pods-MoviesUI.release.xcconfig */;
			buildSettings = {
				ASSETCATALOG_COMPILER_APPICON_NAME = AppIcon;
				ASSETCATALOG_COMPILER_GLOBAL_ACCENT_COLOR_NAME = AccentColor;
				CODE_SIGN_STYLE = Automatic;
				DEVELOPMENT_ASSET_PATHS = "\"MoviesUI/Preview Content\"";
				DEVELOPMENT_TEAM = PTDDPSLG9G;
				ENABLE_PREVIEWS = YES;
				INFOPLIST_FILE = MoviesUI/Info.plist;
				IPHONEOS_DEPLOYMENT_TARGET = 14.0;
				LD_RUNPATH_SEARCH_PATHS = (
					"$(inherited)",
					"@executable_path/Frameworks",
				);
				PRODUCT_BUNDLE_IDENTIFIER = com.vngrs.MoviesUI;
				PRODUCT_NAME = "$(TARGET_NAME)";
				SWIFT_VERSION = 5.0;
				TARGETED_DEVICE_FAMILY = "1,2";
			};
			name = Release;
		};
		AF885A2F2562F8220040C9CE /* Debug */ = {
			isa = XCBuildConfiguration;
			baseConfigurationReference = 5C177863314BF832371B4B69 /* Pods-MoviesUITests.debug.xcconfig */;
			buildSettings = {
				ALWAYS_EMBED_SWIFT_STANDARD_LIBRARIES = YES;
				BUNDLE_LOADER = "$(TEST_HOST)";
				CODE_SIGN_STYLE = Automatic;
				DEVELOPMENT_TEAM = PTDDPSLG9G;
				INFOPLIST_FILE = MoviesUITests/Info.plist;
				IPHONEOS_DEPLOYMENT_TARGET = 14.0;
				LD_RUNPATH_SEARCH_PATHS = (
					"$(inherited)",
					"@executable_path/Frameworks",
					"@loader_path/Frameworks",
				);
				PRODUCT_BUNDLE_IDENTIFIER = com.vngrs.MoviesUITests;
				PRODUCT_NAME = "$(TARGET_NAME)";
				SWIFT_VERSION = 5.0;
				TARGETED_DEVICE_FAMILY = "1,2";
				TEST_HOST = "$(BUILT_PRODUCTS_DIR)/MoviesUI.app/MoviesUI";
			};
			name = Debug;
		};
		AF885A302562F8220040C9CE /* Release */ = {
			isa = XCBuildConfiguration;
			baseConfigurationReference = BD23F1D17CF4E666BCCC55ED /* Pods-MoviesUITests.release.xcconfig */;
			buildSettings = {
				ALWAYS_EMBED_SWIFT_STANDARD_LIBRARIES = YES;
				BUNDLE_LOADER = "$(TEST_HOST)";
				CODE_SIGN_STYLE = Automatic;
				DEVELOPMENT_TEAM = PTDDPSLG9G;
				INFOPLIST_FILE = MoviesUITests/Info.plist;
				IPHONEOS_DEPLOYMENT_TARGET = 14.0;
				LD_RUNPATH_SEARCH_PATHS = (
					"$(inherited)",
					"@executable_path/Frameworks",
					"@loader_path/Frameworks",
				);
				PRODUCT_BUNDLE_IDENTIFIER = com.vngrs.MoviesUITests;
				PRODUCT_NAME = "$(TARGET_NAME)";
				SWIFT_VERSION = 5.0;
				TARGETED_DEVICE_FAMILY = "1,2";
				TEST_HOST = "$(BUILT_PRODUCTS_DIR)/MoviesUI.app/MoviesUI";
			};
			name = Release;
		};
		AF885A322562F8220040C9CE /* Debug */ = {
			isa = XCBuildConfiguration;
			baseConfigurationReference = 633F8B0DF66EB35591B0AE75 /* Pods-MoviesUI-MoviesUIUITests.debug.xcconfig */;
			buildSettings = {
				ALWAYS_EMBED_SWIFT_STANDARD_LIBRARIES = YES;
				CODE_SIGN_STYLE = Automatic;
				DEVELOPMENT_TEAM = PTDDPSLG9G;
				INFOPLIST_FILE = MoviesUIUITests/Info.plist;
				LD_RUNPATH_SEARCH_PATHS = (
					"$(inherited)",
					"@executable_path/Frameworks",
					"@loader_path/Frameworks",
				);
				PRODUCT_BUNDLE_IDENTIFIER = com.vngrs.MoviesUIUITests;
				PRODUCT_NAME = "$(TARGET_NAME)";
				SWIFT_VERSION = 5.0;
				TARGETED_DEVICE_FAMILY = "1,2";
				TEST_TARGET_NAME = MoviesUI;
			};
			name = Debug;
		};
		AF885A332562F8220040C9CE /* Release */ = {
			isa = XCBuildConfiguration;
			baseConfigurationReference = 0B4DE5F5CEC40403B3C6367A /* Pods-MoviesUI-MoviesUIUITests.release.xcconfig */;
			buildSettings = {
				ALWAYS_EMBED_SWIFT_STANDARD_LIBRARIES = YES;
				CODE_SIGN_STYLE = Automatic;
				DEVELOPMENT_TEAM = PTDDPSLG9G;
				INFOPLIST_FILE = MoviesUIUITests/Info.plist;
				LD_RUNPATH_SEARCH_PATHS = (
					"$(inherited)",
					"@executable_path/Frameworks",
					"@loader_path/Frameworks",
				);
				PRODUCT_BUNDLE_IDENTIFIER = com.vngrs.MoviesUIUITests;
				PRODUCT_NAME = "$(TARGET_NAME)";
				SWIFT_VERSION = 5.0;
				TARGETED_DEVICE_FAMILY = "1,2";
				TEST_TARGET_NAME = MoviesUI;
			};
			name = Release;
		};
/* End XCBuildConfiguration section */

/* Begin XCConfigurationList section */
		AF885A012562F8210040C9CE /* Build configuration list for PBXProject "MoviesUI" */ = {
			isa = XCConfigurationList;
			buildConfigurations = (
				AF885A292562F8220040C9CE /* Debug */,
				AF885A2A2562F8220040C9CE /* Release */,
			);
			defaultConfigurationIsVisible = 0;
			defaultConfigurationName = Release;
		};
		AF885A2B2562F8220040C9CE /* Build configuration list for PBXNativeTarget "MoviesUI" */ = {
			isa = XCConfigurationList;
			buildConfigurations = (
				AF885A2C2562F8220040C9CE /* Debug */,
				AF885A2D2562F8220040C9CE /* Release */,
			);
			defaultConfigurationIsVisible = 0;
			defaultConfigurationName = Release;
		};
		AF885A2E2562F8220040C9CE /* Build configuration list for PBXNativeTarget "MoviesUITests" */ = {
			isa = XCConfigurationList;
			buildConfigurations = (
				AF885A2F2562F8220040C9CE /* Debug */,
				AF885A302562F8220040C9CE /* Release */,
			);
			defaultConfigurationIsVisible = 0;
			defaultConfigurationName = Release;
		};
		AF885A312562F8220040C9CE /* Build configuration list for PBXNativeTarget "MoviesUIUITests" */ = {
			isa = XCConfigurationList;
			buildConfigurations = (
				AF885A322562F8220040C9CE /* Debug */,
				AF885A332562F8220040C9CE /* Release */,
			);
			defaultConfigurationIsVisible = 0;
			defaultConfigurationName = Release;
		};
/* End XCConfigurationList section */

/* Begin XCRemoteSwiftPackageReference section */
		AF54F19525647FA200BB9C42 /* XCRemoteSwiftPackageReference "Kingfisher" */ = {
			isa = XCRemoteSwiftPackageReference;
			repositoryURL = "https://github.com/onevcat/Kingfisher.git";
			requirement = {
				kind = upToNextMajorVersion;
				minimumVersion = 5.15.7;
			};
		};
/* End XCRemoteSwiftPackageReference section */

/* Begin XCSwiftPackageProductDependency section */
		AFA6163F257F183300CCEE8C /* KingfisherSwiftUI */ = {
			isa = XCSwiftPackageProductDependency;
			package = AF54F19525647FA200BB9C42 /* XCRemoteSwiftPackageReference "Kingfisher" */;
			productName = KingfisherSwiftUI;
		};
/* End XCSwiftPackageProductDependency section */
	};
	rootObject = AF8859FE2562F8210040C9CE /* Project object */;
}
